
Microsoft Visual Studio Solution File, Format Version 12.00
# Visual Studio Version 16
VisualStudioVersion = 16.0.29424.173
MinimumVisualStudioVersion = 10.0.40219.1
Project("{FAE04EC0-301F-11D3-BF4B-00C04F79EFBC}") = "FacebookApp", "FacebookApp.csproj", "{3C28C0DA-760E-4585-AEB4-52871868E86F}"
EndProject
Project("{2150E333-8FDC-42A3-9474-1A3956D46DE8}") = "FacebookApp", "FacebookApp", "{64DC2456-A39A-479F-B0D5-10F466E8CFD7}"
EndProject
Global
	GlobalSection(SolutionConfigurationPlatforms) = preSolution
		Debug|Any CPU = Debug|Any CPU
		Release|Any CPU = Release|Any CPU
	EndGlobalSection
	GlobalSection(ProjectConfigurationPlatforms) = postSolution
		{3C28C0DA-760E-4585-AEB4-52871868E86F}.Debug|Any CPU.ActiveCfg = Debug|Any CPU
		{3C28C0DA-760E-4585-AEB4-52871868E86F}.Debug|Any CPU.Build.0 = Debug|Any CPU
		{3C28C0DA-760E-4585-AEB4-52871868E86F}.Release|Any CPU.ActiveCfg = Release|Any CPU
		{3C28C0DA-760E-4585-AEB4-52871868E86F}.Release|Any CPU.Build.0 = Release|Any CPU
	EndGlobalSection
	GlobalSection(SolutionProperties) = preSolution
		HideSolutionNode = FALSE
	EndGlobalSection
	GlobalSection(NestedProjects) = preSolution
		{3C28C0DA-760E-4585-AEB4-52871868E86F} = {64DC2456-A39A-479F-B0D5-10F466E8CFD7}
	EndGlobalSection
	GlobalSection(ExtensibilityGlobals) = postSolution
		SolutionGuid = {E861EE8C-2A0D-483B-B748-790593A04F88}
	EndGlobalSection
EndGlobal
